version = 1
revision = 1
requires-python = ">=3.8, <4.0"
resolution-markers = [
    "python_full_version >= '3.9'",
    "python_full_version < '3.9'",
]

[[package]]
name = "grpcio"
version = "1.70.0"
source = { registry = "https://pypi.org/simple" }
resolution-markers = [
    "python_full_version < '3.9'",
]
sdist = { url = "https://files.pythonhosted.org/packages/69/e1/4b21b5017c33f3600dcc32b802bb48fe44a4d36d6c066f52650c7c2690fa/grpcio-1.70.0.tar.gz", hash = "sha256:8d1584a68d5922330025881e63a6c1b54cc8117291d382e4fa69339b6d914c56", size = 12788932 }
wheels = [
    { url = "https://files.pythonhosted.org/packages/10/e9/f72408bac1f7b05b25e4df569b02d6b200c8e7857193aa9f1df7a3744add/grpcio-1.70.0-cp310-cp310-linux_armv7l.whl", hash = "sha256:95469d1977429f45fe7df441f586521361e235982a0b39e33841549143ae2851", size = 5229736 },
    { url = "https://files.pythonhosted.org/packages/b3/17/e65139ea76dac7bcd8a3f17cbd37e3d1a070c44db3098d0be5e14c5bd6a1/grpcio-1.70.0-cp310-cp310-macosx_12_0_universal2.whl", hash = "sha256:ed9718f17fbdb472e33b869c77a16d0b55e166b100ec57b016dc7de9c8d236bf", size = 11432751 },
    { url = "https://files.pythonhosted.org/packages/a0/12/42de6082b4ab14a59d30b2fc7786882fdaa75813a4a4f3d4a8c4acd6ed59/grpcio-1.70.0-cp310-cp310-manylinux_2_17_aarch64.whl", hash = "sha256:374d014f29f9dfdb40510b041792e0e2828a1389281eb590df066e1cc2b404e5", size = 5711439 },
    { url = "https://files.pythonhosted.org/packages/34/f8/b5a19524d273cbd119274a387bb72d6fbb74578e13927a473bc34369f079/grpcio-1.70.0-cp310-cp310-manylinux_2_17_i686.manylinux2014_i686.whl", hash = "sha256:f2af68a6f5c8f78d56c145161544ad0febbd7479524a59c16b3e25053f39c87f", size = 6330777 },
    { url = "https://files.pythonhosted.org/packages/1a/67/3d6c0ad786238aac7fa93b79246fc452978fbfe9e5f86f70da8e8a2797d0/grpcio-1.70.0-cp310-cp310-manylinux_2_17_x86_64.manylinux2014_x86_64.whl", hash = "sha256:ce7df14b2dcd1102a2ec32f621cc9fab6695effef516efbc6b063ad749867295", size = 5944639 },
    { url = "https://files.pythonhosted.org/packages/76/0d/d9f7cbc41c2743cf18236a29b6a582f41bd65572a7144d92b80bc1e68479/grpcio-1.70.0-cp310-cp310-musllinux_1_1_i686.whl", hash = "sha256:c78b339869f4dbf89881e0b6fbf376313e4f845a42840a7bdf42ee6caed4b11f", size = 6643543 },
    { url = "https://files.pythonhosted.org/packages/fc/24/bdd7e606b3400c14330e33a4698fa3a49e38a28c9e0a831441adbd3380d2/grpcio-1.70.0-cp310-cp310-musllinux_1_1_x86_64.whl", hash = "sha256:58ad9ba575b39edef71f4798fdb5c7b6d02ad36d47949cd381d4392a5c9cbcd3", size = 6199897 },
    { url = "https://files.pythonhosted.org/packages/d1/33/8132eb370087960c82d01b89faeb28f3e58f5619ffe19889f57c58a19c18/grpcio-1.70.0-cp310-cp310-win32.whl", hash = "sha256:2b0d02e4b25a5c1f9b6c7745d4fa06efc9fd6a611af0fb38d3ba956786b95199", size = 3617513 },
    { url = "https://files.pythonhosted.org/packages/99/bc/0fce5cfc0ca969df66f5dca6cf8d2258abb88146bf9ab89d8cf48e970137/grpcio-1.70.0-cp310-cp310-win_amd64.whl", hash = "sha256:0de706c0a5bb9d841e353f6343a9defc9fc35ec61d6eb6111802f3aa9fef29e1", size = 4303342 },
    { url = "https://files.pythonhosted.org/packages/65/c4/1f67d23d6bcadd2fd61fb460e5969c52b3390b4a4e254b5e04a6d1009e5e/grpcio-1.70.0-cp311-cp311-linux_armv7l.whl", hash = "sha256:17325b0be0c068f35770f944124e8839ea3185d6d54862800fc28cc2ffad205a", size = 5229017 },
    { url = "https://files.pythonhosted.org/packages/e4/bd/cc36811c582d663a740fb45edf9f99ddbd99a10b6ba38267dc925e1e193a/grpcio-1.70.0-cp311-cp311-macosx_10_14_universal2.whl", hash = "sha256:dbe41ad140df911e796d4463168e33ef80a24f5d21ef4d1e310553fcd2c4a386", size = 11472027 },
    { url = "https://files.pythonhosted.org/packages/7e/32/8538bb2ace5cd72da7126d1c9804bf80b4fe3be70e53e2d55675c24961a8/grpcio-1.70.0-cp311-cp311-manylinux_2_17_aarch64.whl", hash = "sha256:5ea67c72101d687d44d9c56068328da39c9ccba634cabb336075fae2eab0d04b", size = 5707785 },
    { url = "https://files.pythonhosted.org/packages/ce/5c/a45f85f2a0dfe4a6429dee98717e0e8bd7bd3f604315493c39d9679ca065/grpcio-1.70.0-cp311-cp311-manylinux_2_17_i686.manylinux2014_i686.whl", hash = "sha256:cb5277db254ab7586769e490b7b22f4ddab3876c490da0a1a9d7c695ccf0bf77", size = 6331599 },
    { url = "https://files.pythonhosted.org/packages/9f/e5/5316b239380b8b2ad30373eb5bb25d9fd36c0375e94a98a0a60ea357d254/grpcio-1.70.0-cp311-cp311-manylinux_2_17_x86_64.manylinux2014_x86_64.whl", hash = "sha256:e7831a0fc1beeeb7759f737f5acd9fdcda520e955049512d68fda03d91186eea", size = 5940834 },
    { url = "https://files.pythonhosted.org/packages/05/33/dbf035bc6d167068b4a9f2929dfe0b03fb763f0f861ecb3bb1709a14cb65/grpcio-1.70.0-cp311-cp311-musllinux_1_1_i686.whl", hash = "sha256:27cc75e22c5dba1fbaf5a66c778e36ca9b8ce850bf58a9db887754593080d839", size = 6641191 },
    { url = "https://files.pythonhosted.org/packages/4c/c4/684d877517e5bfd6232d79107e5a1151b835e9f99051faef51fed3359ec4/grpcio-1.70.0-cp311-cp311-musllinux_1_1_x86_64.whl", hash = "sha256:d63764963412e22f0491d0d32833d71087288f4e24cbcddbae82476bfa1d81fd", size = 6198744 },
    { url = "https://files.pythonhosted.org/packages/e9/43/92fe5eeaf340650a7020cfb037402c7b9209e7a0f3011ea1626402219034/grpcio-1.70.0-cp311-cp311-win32.whl", hash = "sha256:bb491125103c800ec209d84c9b51f1c60ea456038e4734688004f377cfacc113", size = 3617111 },
    { url = "https://files.pythonhosted.org/packages/55/15/b6cf2c9515c028aff9da6984761a3ab484a472b0dc6435fcd07ced42127d/grpcio-1.70.0-cp311-cp311-win_amd64.whl", hash = "sha256:d24035d49e026353eb042bf7b058fb831db3e06d52bee75c5f2f3ab453e71aca", size = 4304604 },
    { url = "https://files.pythonhosted.org/packages/4c/a4/ddbda79dd176211b518f0f3795af78b38727a31ad32bc149d6a7b910a731/grpcio-1.70.0-cp312-cp312-linux_armv7l.whl", hash = "sha256:ef4c14508299b1406c32bdbb9fb7b47612ab979b04cf2b27686ea31882387cff", size = 5198135 },
    { url = "https://files.pythonhosted.org/packages/30/5c/60eb8a063ea4cb8d7670af8fac3f2033230fc4b75f62669d67c66ac4e4b0/grpcio-1.70.0-cp312-cp312-macosx_10_14_universal2.whl", hash = "sha256:aa47688a65643afd8b166928a1da6247d3f46a2784d301e48ca1cc394d2ffb40", size = 11447529 },
    { url = "https://files.pythonhosted.org/packages/fb/b9/1bf8ab66729f13b44e8f42c9de56417d3ee6ab2929591cfee78dce749b57/grpcio-1.70.0-cp312-cp312-manylinux_2_17_aarch64.whl", hash = "sha256:880bfb43b1bb8905701b926274eafce5c70a105bc6b99e25f62e98ad59cb278e", size = 5664484 },
    { url = "https://files.pythonhosted.org/packages/d1/06/2f377d6906289bee066d96e9bdb91e5e96d605d173df9bb9856095cccb57/grpcio-1.70.0-cp312-cp312-manylinux_2_17_i686.manylinux2014_i686.whl", hash = "sha256:9e654c4b17d07eab259d392e12b149c3a134ec52b11ecdc6a515b39aceeec898", size = 6303739 },
    { url = "https://files.pythonhosted.org/packages/ae/50/64c94cfc4db8d9ed07da71427a936b5a2bd2b27c66269b42fbda82c7c7a4/grpcio-1.70.0-cp312-cp312-manylinux_2_17_x86_64.manylinux2014_x86_64.whl", hash = "sha256:2394e3381071045a706ee2eeb6e08962dd87e8999b90ac15c55f56fa5a8c9597", size = 5910417 },
    { url = "https://files.pythonhosted.org/packages/53/89/8795dfc3db4389c15554eb1765e14cba8b4c88cc80ff828d02f5572965af/grpcio-1.70.0-cp312-cp312-musllinux_1_1_i686.whl", hash = "sha256:b3c76701428d2df01964bc6479422f20e62fcbc0a37d82ebd58050b86926ef8c", size = 6626797 },
    { url = "https://files.pythonhosted.org/packages/9c/b2/6a97ac91042a2c59d18244c479ee3894e7fb6f8c3a90619bb5a7757fa30c/grpcio-1.70.0-cp312-cp312-musllinux_1_1_x86_64.whl", hash = "sha256:ac073fe1c4cd856ebcf49e9ed6240f4f84d7a4e6ee95baa5d66ea05d3dd0df7f", size = 6190055 },
    { url = "https://files.pythonhosted.org/packages/86/2b/28db55c8c4d156053a8c6f4683e559cd0a6636f55a860f87afba1ac49a51/grpcio-1.70.0-cp312-cp312-win32.whl", hash = "sha256:cd24d2d9d380fbbee7a5ac86afe9787813f285e684b0271599f95a51bce33528", size = 3600214 },
    { url = "https://files.pythonhosted.org/packages/17/c3/a7a225645a965029ed432e5b5e9ed959a574e62100afab553eef58be0e37/grpcio-1.70.0-cp312-cp312-win_amd64.whl", hash = "sha256:0495c86a55a04a874c7627fd33e5beaee771917d92c0e6d9d797628ac40e7655", size = 4292538 },
    { url = "https://files.pythonhosted.org/packages/68/38/66d0f32f88feaf7d83f8559cd87d899c970f91b1b8a8819b58226de0a496/grpcio-1.70.0-cp313-cp313-linux_armv7l.whl", hash = "sha256:aa573896aeb7d7ce10b1fa425ba263e8dddd83d71530d1322fd3a16f31257b4a", size = 5199218 },
    { url = "https://files.pythonhosted.org/packages/c1/96/947df763a0b18efb5cc6c2ae348e56d97ca520dc5300c01617b234410173/grpcio-1.70.0-cp313-cp313-macosx_10_14_universal2.whl", hash = "sha256:d405b005018fd516c9ac529f4b4122342f60ec1cee181788249372524e6db429", size = 11445983 },
    { url = "https://files.pythonhosted.org/packages/fd/5b/f3d4b063e51b2454bedb828e41f3485800889a3609c49e60f2296cc8b8e5/grpcio-1.70.0-cp313-cp313-manylinux_2_17_aarch64.whl", hash = "sha256:f32090238b720eb585248654db8e3afc87b48d26ac423c8dde8334a232ff53c9", size = 5663954 },
    { url = "https://files.pythonhosted.org/packages/bd/0b/dab54365fcedf63e9f358c1431885478e77d6f190d65668936b12dd38057/grpcio-1.70.0-cp313-cp313-manylinux_2_17_i686.manylinux2014_i686.whl", hash = "sha256:dfa089a734f24ee5f6880c83d043e4f46bf812fcea5181dcb3a572db1e79e01c", size = 6304323 },
    { url = "https://files.pythonhosted.org/packages/76/a8/8f965a7171ddd336ce32946e22954aa1bbc6f23f095e15dadaa70604ba20/grpcio-1.70.0-cp313-cp313-manylinux_2_17_x86_64.manylinux2014_x86_64.whl", hash = "sha256:f19375f0300b96c0117aca118d400e76fede6db6e91f3c34b7b035822e06c35f", size = 5910939 },
    { url = "https://files.pythonhosted.org/packages/1b/05/0bbf68be8b17d1ed6f178435a3c0c12e665a1e6054470a64ce3cb7896596/grpcio-1.70.0-cp313-cp313-musllinux_1_1_i686.whl", hash = "sha256:7c73c42102e4a5ec76608d9b60227d917cea46dff4d11d372f64cbeb56d259d0", size = 6631405 },
    { url = "https://files.pythonhosted.org/packages/79/6a/5df64b6df405a1ed1482cb6c10044b06ec47fd28e87c2232dbcf435ecb33/grpcio-1.70.0-cp313-cp313-musllinux_1_1_x86_64.whl", hash = "sha256:0a5c78d5198a1f0aa60006cd6eb1c912b4a1520b6a3968e677dbcba215fabb40", size = 6190982 },
    { url = "https://files.pythonhosted.org/packages/42/aa/aeaac87737e6d25d1048c53b8ec408c056d3ed0c922e7c5efad65384250c/grpcio-1.70.0-cp313-cp313-win32.whl", hash = "sha256:fe9dbd916df3b60e865258a8c72ac98f3ac9e2a9542dcb72b7a34d236242a5ce", size = 3598359 },
    { url = "https://files.pythonhosted.org/packages/1f/79/8edd2442d2de1431b4a3de84ef91c37002f12de0f9b577fb07b452989dbc/grpcio-1.70.0-cp313-cp313-win_amd64.whl", hash = "sha256:4119fed8abb7ff6c32e3d2255301e59c316c22d31ab812b3fbcbaf3d0d87cc68", size = 4293938 },
    { url = "https://files.pythonhosted.org/packages/38/5f/d7fe323c18a2ec98a2a9b38fb985f5e843f76990298d7c4ce095f44b46a7/grpcio-1.70.0-cp38-cp38-linux_armv7l.whl", hash = "sha256:8058667a755f97407fca257c844018b80004ae8035565ebc2812cc550110718d", size = 5232027 },
    { url = "https://files.pythonhosted.org/packages/d4/4b/3d3b5548575b635f51883212a482cd237e8525535d4591b9dc7e5b2c2ddc/grpcio-1.70.0-cp38-cp38-macosx_10_14_universal2.whl", hash = "sha256:879a61bf52ff8ccacbedf534665bb5478ec8e86ad483e76fe4f729aaef867cab", size = 11448811 },
    { url = "https://files.pythonhosted.org/packages/8a/d7/9a0922fc12d339271c7e4e6691470172b7c13715fed7bd934274803f1527/grpcio-1.70.0-cp38-cp38-manylinux_2_17_aarch64.whl", hash = "sha256:0ba0a173f4feacf90ee618fbc1a27956bfd21260cd31ced9bc707ef551ff7dc7", size = 5711890 },
    { url = "https://files.pythonhosted.org/packages/1e/ae/d4dbf8bff0f1d270f118d08558bc8dc0489e026d6620a4e3ee2d79d79041/grpcio-1.70.0-cp38-cp38-manylinux_2_17_i686.manylinux2014_i686.whl", hash = "sha256:558c386ecb0148f4f99b1a65160f9d4b790ed3163e8610d11db47838d452512d", size = 6331933 },
    { url = "https://files.pythonhosted.org/packages/2c/64/66a74c02b00e00b919c245ca9da8e5c44e8692bf3fe7f27efbc97572566c/grpcio-1.70.0-cp38-cp38-manylinux_2_17_x86_64.manylinux2014_x86_64.whl", hash = "sha256:412faabcc787bbc826f51be261ae5fa996b21263de5368a55dc2cf824dc5090e", size = 5950685 },
    { url = "https://files.pythonhosted.org/packages/b0/64/e992ac693118c37164e085676216d258804d7a5bbf3581d3f989c843a9a5/grpcio-1.70.0-cp38-cp38-musllinux_1_1_i686.whl", hash = "sha256:3b0f01f6ed9994d7a0b27eeddea43ceac1b7e6f3f9d86aeec0f0064b8cf50fdb", size = 6640974 },
    { url = "https://files.pythonhosted.org/packages/57/17/34d0a6af4477fd48b8b41d13782fb1e35b8841b17d6ac7a3eb24d2f3b17e/grpcio-1.70.0-cp38-cp38-musllinux_1_1_x86_64.whl", hash = "sha256:7385b1cb064734005204bc8994eed7dcb801ed6c2eda283f613ad8c6c75cf873", size = 6204792 },
    { url = "https://files.pythonhosted.org/packages/d3/e5/e45d8eb81929c0becd5bda413b60262f79d862e19cff632d496909aa3bd0/grpcio-1.70.0-cp38-cp38-win32.whl", hash = "sha256:07269ff4940f6fb6710951116a04cd70284da86d0a4368fd5a3b552744511f5a", size = 3620015 },
    { url = "https://files.pythonhosted.org/packages/87/7d/36009c38093e62969c708f20b86ab6761c2ba974b12ff10def6f397f24fa/grpcio-1.70.0-cp38-cp38-win_amd64.whl", hash = "sha256:aba19419aef9b254e15011b230a180e26e0f6864c90406fdbc255f01d83bc83c", size = 4307043 },
    { url = "https://files.pythonhosted.org/packages/9d/0e/64061c9746a2dd6e07cb0a0f3829f0a431344add77ec36397cc452541ff6/grpcio-1.70.0-cp39-cp39-linux_armv7l.whl", hash = "sha256:4f1937f47c77392ccd555728f564a49128b6a197a05a5cd527b796d36f3387d0", size = 5231123 },
    { url = "https://files.pythonhosted.org/packages/72/9f/c93501d5f361aecee0146ab19300d5acb1c2747b00217c641f06fffbcd62/grpcio-1.70.0-cp39-cp39-macosx_10_14_universal2.whl", hash = "sha256:0cd430b9215a15c10b0e7d78f51e8a39d6cf2ea819fd635a7214fae600b1da27", size = 11467217 },
    { url = "https://files.pythonhosted.org/packages/0a/1a/980d115b701023450a304881bf3f6309f6fb15787f9b78d2728074f3bf86/grpcio-1.70.0-cp39-cp39-manylinux_2_17_aarch64.whl", hash = "sha256:e27585831aa6b57b9250abaf147003e126cd3a6c6ca0c531a01996f31709bed1", size = 5710913 },
    { url = "https://files.pythonhosted.org/packages/a0/84/af420067029808f9790e98143b3dd0f943bebba434a4706755051a520c91/grpcio-1.70.0-cp39-cp39-manylinux_2_17_i686.manylinux2014_i686.whl", hash = "sha256:c1af8e15b0f0fe0eac75195992a63df17579553b0c4af9f8362cc7cc99ccddf4", size = 6330947 },
    { url = "https://files.pythonhosted.org/packages/24/1c/e1f06a7d29a1fa5053dcaf5352a50f8e1f04855fd194a65422a9d685d375/grpcio-1.70.0-cp39-cp39-manylinux_2_17_x86_64.manylinux2014_x86_64.whl", hash = "sha256:cbce24409beaee911c574a3d75d12ffb8c3e3dd1b813321b1d7a96bbcac46bf4", size = 5943913 },
    { url = "https://files.pythonhosted.org/packages/41/8f/de13838e4467519a50cd0693e98b0b2bcc81d656013c38a1dd7dcb801526/grpcio-1.70.0-cp39-cp39-musllinux_1_1_i686.whl", hash = "sha256:ff4a8112a79464919bb21c18e956c54add43ec9a4850e3949da54f61c241a4a6", size = 6643236 },
    { url = "https://files.pythonhosted.org/packages/ac/73/d68c745d34e43a80440da4f3d79fa02c56cb118c2a26ba949f3cfd8316d7/grpcio-1.70.0-cp39-cp39-musllinux_1_1_x86_64.whl", hash = "sha256:5413549fdf0b14046c545e19cfc4eb1e37e9e1ebba0ca390a8d4e9963cab44d2", size = 6199038 },
    { url = "https://files.pythonhosted.org/packages/7e/dd/991f100b8c31636b4bb2a941dbbf54dbcc55d69c722cfa038c3d017eaa0c/grpcio-1.70.0-cp39-cp39-win32.whl", hash = "sha256:b745d2c41b27650095e81dea7091668c040457483c9bdb5d0d9de8f8eb25e59f", size = 3617512 },
    { url = "https://files.pythonhosted.org/packages/4d/80/1aa2ba791207a13e314067209b48e1a0893ed8d1f43ef012e194aaa6c2de/grpcio-1.70.0-cp39-cp39-win_amd64.whl", hash = "sha256:a31d7e3b529c94e930a117b2175b2efd179d96eb3c7a21ccb0289a8ab05b645c", size = 4303506 },
]

[[package]]
name = "grpcio"
version = "1.71.0"
source = { registry = "https://pypi.org/simple" }
resolution-markers = [
    "python_full_version >= '3.9'",
]
sdist = { url = "https://files.pythonhosted.org/packages/1c/95/aa11fc09a85d91fbc7dd405dcb2a1e0256989d67bf89fa65ae24b3ba105a/grpcio-1.71.0.tar.gz", hash = "sha256:2b85f7820475ad3edec209d3d89a7909ada16caab05d3f2e08a7e8ae3200a55c", size = 12549828 }
wheels = [
    { url = "https://files.pythonhosted.org/packages/7c/c5/ef610b3f988cc0cc67b765f72b8e2db06a1db14e65acb5ae7810a6b7042e/grpcio-1.71.0-cp310-cp310-linux_armv7l.whl", hash = "sha256:c200cb6f2393468142eb50ab19613229dcc7829b5ccee8b658a36005f6669fdd", size = 5210643 },
    { url = "https://files.pythonhosted.org/packages/bf/de/c84293c961622df302c0d5d07ec6e2d4cd3874ea42f602be2df09c4ad44f/grpcio-1.71.0-cp310-cp310-macosx_12_0_universal2.whl", hash = "sha256:b2266862c5ad664a380fbbcdbdb8289d71464c42a8c29053820ee78ba0119e5d", size = 11308962 },
    { url = "https://files.pythonhosted.org/packages/7c/38/04c9e0dc8c904570c80faa1f1349b190b63e45d6b2782ec8567b050efa9d/grpcio-1.71.0-cp310-cp310-manylinux_2_17_aarch64.whl", hash = "sha256:0ab8b2864396663a5b0b0d6d79495657ae85fa37dcb6498a2669d067c65c11ea", size = 5699236 },
    { url = "https://files.pythonhosted.org/packages/95/96/e7be331d1298fa605ea7c9ceafc931490edd3d5b33c4f695f1a0667f3491/grpcio-1.71.0-cp310-cp310-manylinux_2_17_i686.manylinux2014_i686.whl", hash = "sha256:c30f393f9d5ff00a71bb56de4aa75b8fe91b161aeb61d39528db6b768d7eac69", size = 6339767 },
    { url = "https://files.pythonhosted.org/packages/5d/b7/7e7b7bb6bb18baf156fd4f2f5b254150dcdd6cbf0def1ee427a2fb2bfc4d/grpcio-1.71.0-cp310-cp310-manylinux_2_17_x86_64.manylinux2014_x86_64.whl", hash = "sha256:f250ff44843d9a0615e350c77f890082102a0318d66a99540f54769c8766ab73", size = 5943028 },
    { url = "https://files.pythonhosted.org/packages/13/aa/5fb756175995aeb47238d706530772d9a7ac8e73bcca1b47dc145d02c95f/grpcio-1.71.0-cp310-cp310-musllinux_1_1_aarch64.whl", hash = "sha256:e6d8de076528f7c43a2f576bc311799f89d795aa6c9b637377cc2b1616473804", size = 6031841 },
    { url = "https://files.pythonhosted.org/packages/54/93/172783e01eed61f7f180617b7fa4470f504e383e32af2587f664576a7101/grpcio-1.71.0-cp310-cp310-musllinux_1_1_i686.whl", hash = "sha256:9b91879d6da1605811ebc60d21ab6a7e4bae6c35f6b63a061d61eb818c8168f6", size = 6651039 },
    { url = "https://files.pythonhosted.org/packages/6f/99/62654b220a27ed46d3313252214f4bc66261143dc9b58004085cd0646753/grpcio-1.71.0-cp310-cp310-musllinux_1_1_x86_64.whl", hash = "sha256:f71574afdf944e6652203cd1badcda195b2a27d9c83e6d88dc1ce3cfb73b31a5", size = 6198465 },
    { url = "https://files.pythonhosted.org/packages/68/35/96116de833b330abe4412cc94edc68f99ed2fa3e39d8713ff307b3799e81/grpcio-1.71.0-cp310-cp310-win32.whl", hash = "sha256:8997d6785e93308f277884ee6899ba63baafa0dfb4729748200fcc537858a509", size = 3620382 },
    { url = "https://files.pythonhosted.org/packages/b7/09/f32ef637e386f3f2c02effac49699229fa560ce9007682d24e9e212d2eb4/grpcio-1.71.0-cp310-cp310-win_amd64.whl", hash = "sha256:7d6ac9481d9d0d129224f6d5934d5832c4b1cddb96b59e7eba8416868909786a", size = 4280302 },
    { url = "https://files.pythonhosted.org/packages/63/04/a085f3ad4133426f6da8c1becf0749872a49feb625a407a2e864ded3fb12/grpcio-1.71.0-cp311-cp311-linux_armv7l.whl", hash = "sha256:d6aa986318c36508dc1d5001a3ff169a15b99b9f96ef5e98e13522c506b37eef", size = 5210453 },
    { url = "https://files.pythonhosted.org/packages/b4/d5/0bc53ed33ba458de95020970e2c22aa8027b26cc84f98bea7fcad5d695d1/grpcio-1.71.0-cp311-cp311-macosx_10_14_universal2.whl", hash = "sha256:d2c170247315f2d7e5798a22358e982ad6eeb68fa20cf7a820bb74c11f0736e7", size = 11347567 },
    { url = "https://files.pythonhosted.org/packages/e3/6d/ce334f7e7a58572335ccd61154d808fe681a4c5e951f8a1ff68f5a6e47ce/grpcio-1.71.0-cp311-cp311-manylinux_2_17_aarch64.whl", hash = "sha256:e6f83a583ed0a5b08c5bc7a3fe860bb3c2eac1f03f1f63e0bc2091325605d2b7", size = 5696067 },
    { url = "https://files.pythonhosted.org/packages/05/4a/80befd0b8b1dc2b9ac5337e57473354d81be938f87132e147c4a24a581bd/grpcio-1.71.0-cp311-cp311-manylinux_2_17_i686.manylinux2014_i686.whl", hash = "sha256:4be74ddeeb92cc87190e0e376dbc8fc7736dbb6d3d454f2fa1f5be1dee26b9d7", size = 6348377 },
    { url = "https://files.pythonhosted.org/packages/c7/67/cbd63c485051eb78663355d9efd1b896cfb50d4a220581ec2cb9a15cd750/grpcio-1.71.0-cp311-cp311-manylinux_2_17_x86_64.manylinux2014_x86_64.whl", hash = "sha256:4dd0dfbe4d5eb1fcfec9490ca13f82b089a309dc3678e2edabc144051270a66e", size = 5940407 },
    { url = "https://files.pythonhosted.org/packages/98/4b/7a11aa4326d7faa499f764eaf8a9b5a0eb054ce0988ee7ca34897c2b02ae/grpcio-1.71.0-cp311-cp311-musllinux_1_1_aarch64.whl", hash = "sha256:a2242d6950dc892afdf9e951ed7ff89473aaf744b7d5727ad56bdaace363722b", size = 6030915 },
    { url = "https://files.pythonhosted.org/packages/eb/a2/cdae2d0e458b475213a011078b0090f7a1d87f9a68c678b76f6af7c6ac8c/grpcio-1.71.0-cp311-cp311-musllinux_1_1_i686.whl", hash = "sha256:0fa05ee31a20456b13ae49ad2e5d585265f71dd19fbd9ef983c28f926d45d0a7", size = 6648324 },
    { url = "https://files.pythonhosted.org/packages/27/df/f345c8daaa8d8574ce9869f9b36ca220c8845923eb3087e8f317eabfc2a8/grpcio-1.71.0-cp311-cp311-musllinux_1_1_x86_64.whl", hash = "sha256:3d081e859fb1ebe176de33fc3adb26c7d46b8812f906042705346b314bde32c3", size = 6197839 },
    { url = "https://files.pythonhosted.org/packages/f2/2c/cd488dc52a1d0ae1bad88b0d203bc302efbb88b82691039a6d85241c5781/grpcio-1.71.0-cp311-cp311-win32.whl", hash = "sha256:d6de81c9c00c8a23047136b11794b3584cdc1460ed7cbc10eada50614baa1444", size = 3619978 },
    { url = "https://files.pythonhosted.org/packages/ee/3f/cf92e7e62ccb8dbdf977499547dfc27133124d6467d3a7d23775bcecb0f9/grpcio-1.71.0-cp311-cp311-win_amd64.whl", hash = "sha256:24e867651fc67717b6f896d5f0cac0ec863a8b5fb7d6441c2ab428f52c651c6b", size = 4282279 },
    { url = "https://files.pythonhosted.org/packages/4c/83/bd4b6a9ba07825bd19c711d8b25874cd5de72c2a3fbf635c3c344ae65bd2/grpcio-1.71.0-cp312-cp312-linux_armv7l.whl", hash = "sha256:0ff35c8d807c1c7531d3002be03221ff9ae15712b53ab46e2a0b4bb271f38537", size = 5184101 },
    { url = "https://files.pythonhosted.org/packages/31/ea/2e0d90c0853568bf714693447f5c73272ea95ee8dad107807fde740e595d/grpcio-1.71.0-cp312-cp312-macosx_10_14_universal2.whl", hash = "sha256:b78a99cd1ece4be92ab7c07765a0b038194ded2e0a26fd654591ee136088d8d7", size = 11310927 },
    { url = "https://files.pythonhosted.org/packages/ac/bc/07a3fd8af80467390af491d7dc66882db43884128cdb3cc8524915e0023c/grpcio-1.71.0-cp312-cp312-manylinux_2_17_aarch64.whl", hash = "sha256:dc1a1231ed23caac1de9f943d031f1bc38d0f69d2a3b243ea0d664fc1fbd7fec", size = 5654280 },
    { url = "https://files.pythonhosted.org/packages/16/af/21f22ea3eed3d0538b6ef7889fce1878a8ba4164497f9e07385733391e2b/grpcio-1.71.0-cp312-cp312-manylinux_2_17_i686.manylinux2014_i686.whl", hash = "sha256:e6beeea5566092c5e3c4896c6d1d307fb46b1d4bdf3e70c8340b190a69198594", size = 6312051 },
    { url = "https://files.pythonhosted.org/packages/49/9d/e12ddc726dc8bd1aa6cba67c85ce42a12ba5b9dd75d5042214a59ccf28ce/grpcio-1.71.0-cp312-cp312-manylinux_2_17_x86_64.manylinux2014_x86_64.whl", hash = "sha256:d5170929109450a2c031cfe87d6716f2fae39695ad5335d9106ae88cc32dc84c", size = 5910666 },
    { url = "https://files.pythonhosted.org/packages/d9/e9/38713d6d67aedef738b815763c25f092e0454dc58e77b1d2a51c9d5b3325/grpcio-1.71.0-cp312-cp312-musllinux_1_1_aarch64.whl", hash = "sha256:5b08d03ace7aca7b2fadd4baf291139b4a5f058805a8327bfe9aece7253b6d67", size = 6012019 },
    { url = "https://files.pythonhosted.org/packages/80/da/4813cd7adbae6467724fa46c952d7aeac5e82e550b1c62ed2aeb78d444ae/grpcio-1.71.0-cp312-cp312-musllinux_1_1_i686.whl", hash = "sha256:f903017db76bf9cc2b2d8bdd37bf04b505bbccad6be8a81e1542206875d0e9db", size = 6637043 },
    { url = "https://files.pythonhosted.org/packages/52/ca/c0d767082e39dccb7985c73ab4cf1d23ce8613387149e9978c70c3bf3b07/grpcio-1.71.0-cp312-cp312-musllinux_1_1_x86_64.whl", hash = "sha256:469f42a0b410883185eab4689060a20488a1a0a00f8bbb3cbc1061197b4c5a79", size = 6186143 },
    { url = "https://files.pythonhosted.org/packages/00/61/7b2c8ec13303f8fe36832c13d91ad4d4ba57204b1c723ada709c346b2271/grpcio-1.71.0-cp312-cp312-win32.whl", hash = "sha256:ad9f30838550695b5eb302add33f21f7301b882937460dd24f24b3cc5a95067a", size = 3604083 },
    { url = "https://files.pythonhosted.org/packages/fd/7c/1e429c5fb26122055d10ff9a1d754790fb067d83c633ff69eddcf8e3614b/grpcio-1.71.0-cp312-cp312-win_amd64.whl", hash = "sha256:652350609332de6dac4ece254e5d7e1ff834e203d6afb769601f286886f6f3a8", size = 4272191 },
    { url = "https://files.pythonhosted.org/packages/04/dd/b00cbb45400d06b26126dcfdbdb34bb6c4f28c3ebbd7aea8228679103ef6/grpcio-1.71.0-cp313-cp313-linux_armv7l.whl", hash = "sha256:cebc1b34ba40a312ab480ccdb396ff3c529377a2fce72c45a741f7215bfe8379", size = 5184138 },
    { url = "https://files.pythonhosted.org/packages/ed/0a/4651215983d590ef53aac40ba0e29dda941a02b097892c44fa3357e706e5/grpcio-1.71.0-cp313-cp313-macosx_10_14_universal2.whl", hash = "sha256:85da336e3649a3d2171e82f696b5cad2c6231fdd5bad52616476235681bee5b3", size = 11310747 },
    { url = "https://files.pythonhosted.org/packages/57/a3/149615b247f321e13f60aa512d3509d4215173bdb982c9098d78484de216/grpcio-1.71.0-cp313-cp313-manylinux_2_17_aarch64.whl", hash = "sha256:f9a412f55bb6e8f3bb000e020dbc1e709627dcb3a56f6431fa7076b4c1aab0db", size = 5653991 },
    { url = "https://files.pythonhosted.org/packages/ca/56/29432a3e8d951b5e4e520a40cd93bebaa824a14033ea8e65b0ece1da6167/grpcio-1.71.0-cp313-cp313-manylinux_2_17_i686.manylinux2014_i686.whl", hash = "sha256:47be9584729534660416f6d2a3108aaeac1122f6b5bdbf9fd823e11fe6fbaa29", size = 6312781 },
    { url = "https://files.pythonhosted.org/packages/a3/f8/286e81a62964ceb6ac10b10925261d4871a762d2a763fbf354115f9afc98/grpcio-1.71.0-cp313-cp313-manylinux_2_17_x86_64.manylinux2014_x86_64.whl", hash = "sha256:7c9c80ac6091c916db81131d50926a93ab162a7e97e4428ffc186b6e80d6dda4", size = 5910479 },
    { url = "https://files.pythonhosted.org/packages/35/67/d1febb49ec0f599b9e6d4d0d44c2d4afdbed9c3e80deb7587ec788fcf252/grpcio-1.71.0-cp313-cp313-musllinux_1_1_aarch64.whl", hash = "sha256:789d5e2a3a15419374b7b45cd680b1e83bbc1e52b9086e49308e2c0b5bbae6e3", size = 6013262 },
    { url = "https://files.pythonhosted.org/packages/a1/04/f9ceda11755f0104a075ad7163fc0d96e2e3a9fe25ef38adfc74c5790daf/grpcio-1.71.0-cp313-cp313-musllinux_1_1_i686.whl", hash = "sha256:1be857615e26a86d7363e8a163fade914595c81fec962b3d514a4b1e8760467b", size = 6643356 },
    { url = "https://files.pythonhosted.org/packages/fb/ce/236dbc3dc77cf9a9242adcf1f62538734ad64727fabf39e1346ad4bd5c75/grpcio-1.71.0-cp313-cp313-musllinux_1_1_x86_64.whl", hash = "sha256:a76d39b5fafd79ed604c4be0a869ec3581a172a707e2a8d7a4858cb05a5a7637", size = 6186564 },
    { url = "https://files.pythonhosted.org/packages/10/fd/b3348fce9dd4280e221f513dd54024e765b21c348bc475516672da4218e9/grpcio-1.71.0-cp313-cp313-win32.whl", hash = "sha256:74258dce215cb1995083daa17b379a1a5a87d275387b7ffe137f1d5131e2cfbb", size = 3601890 },
    { url = "https://files.pythonhosted.org/packages/be/f8/db5d5f3fc7e296166286c2a397836b8b042f7ad1e11028d82b061701f0f7/grpcio-1.71.0-cp313-cp313-win_amd64.whl", hash = "sha256:22c3bc8d488c039a199f7a003a38cb7635db6656fa96437a8accde8322ce2366", size = 4273308 },
    { url = "https://files.pythonhosted.org/packages/c8/e3/22cb31bbb42de95b35b8f0fb691d8da6e0579e658bb37b86efe2999c702b/grpcio-1.71.0-cp39-cp39-linux_armv7l.whl", hash = "sha256:c6a0a28450c16809f94e0b5bfe52cabff63e7e4b97b44123ebf77f448534d07d", size = 5210667 },
    { url = "https://files.pythonhosted.org/packages/f6/5e/4970fb231e57aad8f41682292343551f58fec5c7a07e261294def3cb8bb6/grpcio-1.71.0-cp39-cp39-macosx_10_14_universal2.whl", hash = "sha256:a371e6b6a5379d3692cc4ea1cb92754d2a47bdddeee755d3203d1f84ae08e03e", size = 11336193 },
    { url = "https://files.pythonhosted.org/packages/7f/a4/dd71a5540d5e86526b39c23060b7d3195f3144af3fe291947b30c3fcbdad/grpcio-1.71.0-cp39-cp39-manylinux_2_17_aarch64.whl", hash = "sha256:39983a9245d37394fd59de71e88c4b295eb510a3555e0a847d9965088cdbd033", size = 5699572 },
    { url = "https://files.pythonhosted.org/packages/d0/69/3e3522d7c2c525a60f4bbf811891925ac7594b768b1ac8e6c9d955a72c45/grpcio-1.71.0-cp39-cp39-manylinux_2_17_i686.manylinux2014_i686.whl", hash = "sha256:9182e0063112e55e74ee7584769ec5a0b4f18252c35787f48738627e23a62b97", size = 6339648 },
    { url = "https://files.pythonhosted.org/packages/32/f2/9d864ca8f3949bf507db9c6a18532c150fc03910dd3d3e17fd4bc5d3e462/grpcio-1.71.0-cp39-cp39-manylinux_2_17_x86_64.manylinux2014_x86_64.whl", hash = "sha256:693bc706c031aeb848849b9d1c6b63ae6bcc64057984bb91a542332b75aa4c3d", size = 5943469 },
    { url = "https://files.pythonhosted.org/packages/9b/58/aec6ce541b7fb2a9efa15d968db5897c2700bd2da6fb159c1d27515f120c/grpcio-1.71.0-cp39-cp39-musllinux_1_1_aarch64.whl", hash = "sha256:20e8f653abd5ec606be69540f57289274c9ca503ed38388481e98fa396ed0b41", size = 6030255 },
    { url = "https://files.pythonhosted.org/packages/f7/4f/7356b7edd1f622d49e72faaea75a5d6ac7bdde8f4c14dd19bcfbafd56f4c/grpcio-1.71.0-cp39-cp39-musllinux_1_1_i686.whl", hash = "sha256:8700a2a57771cc43ea295296330daaddc0d93c088f0a35cc969292b6db959bf3", size = 6651120 },
    { url = "https://files.pythonhosted.org/packages/54/10/c1bb13137dc8d1637e2373a85904aa57991e65ef429791bfb8a64a60d5bd/grpcio-1.71.0-cp39-cp39-musllinux_1_1_x86_64.whl", hash = "sha256:d35a95f05a8a2cbe8e02be137740138b3b2ea5f80bd004444e4f9a1ffc511e32", size = 6197989 },
    { url = "https://files.pythonhosted.org/packages/0e/dc/0fd537831501df786bc2f9ec5ac1724528a344cd146f6335f7991763eb2b/grpcio-1.71.0-cp39-cp39-win32.whl", hash = "sha256:f9c30c464cb2ddfbc2ddf9400287701270fdc0f14be5f08a1e3939f1e749b455", size = 3620173 },
    { url = "https://files.pythonhosted.org/packages/97/22/b1535291aaa9c046c79a9dc4db125f6b9974d41de154221b72da4e8a005c/grpcio-1.71.0-cp39-cp39-win_amd64.whl", hash = "sha256:63e41b91032f298b3e973b3fa4093cbbc620c875e2da7b93e249d4728b54559a", size = 4280941 },
]

[[package]]
name = "protobuf3"
version = "0.2.1"
source = { registry = "https://pypi.org/simple" }
sdist = { url = "https://files.pythonhosted.org/packages/6d/26/955c07e16200d20de70b1e17b246e0574a517b76d6e6393d8ef7ce4f38cd/protobuf3-0.2.1.tar.gz", hash = "sha256:ddd878b3f991beff566ab384d3588cf8e89758e3a16a78f4099dbe70de3c41a2", size = 10788 }

[[package]]
name = "pyln-grpc-proto"
version = "0.1.2"
source = { editable = "." }
dependencies = [
    { name = "grpcio", version = "1.70.0", source = { registry = "https://pypi.org/simple" }, marker = "python_full_version < '3.9'" },
    { name = "grpcio", version = "1.71.0", source = { registry = "https://pypi.org/simple" }, marker = "python_full_version >= '3.9'" },
    { name = "protobuf3" },
]

[package.metadata]
requires-dist = [
    { name = "grpcio" },
    { name = "protobuf3" },
]
